
Microsoft Visual Studio Solution File, Format Version 12.00
# Visual Studio 15
VisualStudioVersion = 15.0.28307.1259
MinimumVisualStudioVersion = 10.0.40219.1
Project("{F184B08F-C81C-45F6-A57F-5ABD9991F28F}") = "Colchoneria_Cuesta_Final", "Colchoneria_Cuesta_Final\Colchoneria_Cuesta_Final.vbproj", "{406A001A-3DEF-4192-BFBC-622DC191926A}"
EndProject
Global
	GlobalSection(SolutionConfigurationPlatforms) = preSolution
		Debug|Any CPU = Debug|Any CPU
		Release|Any CPU = Release|Any CPU
	EndGlobalSection
	GlobalSection(ProjectConfigurationPlatforms) = postSolution
		{406A001A-3DEF-4192-BFBC-622DC191926A}.Debug|Any CPU.ActiveCfg = Debug|Any CPU
		{406A001A-3DEF-4192-BFBC-622DC191926A}.Debug|Any CPU.Build.0 = Debug|Any CPU
		{406A001A-3DEF-4192-BFBC-622DC191926A}.Release|Any CPU.ActiveCfg = Release|Any CPU
		{406A001A-3DEF-4192-BFBC-622DC191926A}.Release|Any CPU.Build.0 = Release|Any CPU
	EndGlobalSection
	GlobalSection(SolutionProperties) = preSolution
		HideSolutionNode = FALSE
	EndGlobalSection
	GlobalSection(ExtensibilityGlobals) = postSolution
		SolutionGuid = {84BD2260-4AD1-4798-A95C-D9CFB9CA22A2}
	EndGlobalSection
EndGlobal
